
Microsoft Visual Studio Solution File, Format Version 12.00
# Visual Studio 15
VisualStudioVersion = 15.0.27703.2042
MinimumVisualStudioVersion = 10.0.40219.1
Project("{FAE04EC0-301F-11D3-BF4B-00C04F79EFBC}") = "TestWebsite", "TestWebsite\TestWebsite.csproj", "{C49A3216-82D9-4289-9486-D8CBD796E49A}"
EndProject
Global
	GlobalSection(SolutionConfigurationPlatforms) = preSolution
		Debug|Any CPU = Debug|Any CPU
		Release|Any CPU = Release|Any CPU
	EndGlobalSection
	GlobalSection(ProjectConfigurationPlatforms) = postSolution
		{C49A3216-82D9-4289-9486-D8CBD796E49A}.Debug|Any CPU.ActiveCfg = Debug|Any CPU
		{C49A3216-82D9-4289-9486-D8CBD796E49A}.Debug|Any CPU.Build.0 = Debug|Any CPU
		{C49A3216-82D9-4289-9486-D8CBD796E49A}.Release|Any CPU.ActiveCfg = Release|Any CPU
		{C49A3216-82D9-4289-9486-D8CBD796E49A}.Release|Any CPU.Build.0 = Release|Any CPU
	EndGlobalSection
	GlobalSection(SolutionProperties) = preSolution
		HideSolutionNode = FALSE
	EndGlobalSection
	GlobalSection(ExtensibilityGlobals) = postSolution
		SolutionGuid = {7814FB64-399E-476C-92E0-29471FE89DC2}
	EndGlobalSection
EndGlobal
